
Microsoft Visual Studio Solution File, Format Version 12.00
# Visual Studio 2012
Project("{FAE04EC0-301F-11D3-BF4B-00C04F79EFBC}") = "WebApplication1", "WebApplication1\WebApplication1.csproj", "{13650EB8-8D8B-4392-9126-A349ECE0DC0C}"
EndProject
Global
	GlobalSection(SolutionConfigurationPlatforms) = preSolution
		Debug|Any CPU = Debug|Any CPU
		Release|Any CPU = Release|Any CPU
	EndGlobalSection
	GlobalSection(ProjectConfigurationPlatforms) = postSolution
		{13650EB8-8D8B-4392-9126-A349ECE0DC0C}.Debug|Any CPU.ActiveCfg = Debug|Any CPU
		{13650EB8-8D8B-4392-9126-A349ECE0DC0C}.Debug|Any CPU.Build.0 = Debug|Any CPU
		{13650EB8-8D8B-4392-9126-A349ECE0DC0C}.Release|Any CPU.ActiveCfg = Release|Any CPU
		{13650EB8-8D8B-4392-9126-A349ECE0DC0C}.Release|Any CPU.Build.0 = Release|Any CPU
	EndGlobalSection
	GlobalSection(SolutionProperties) = preSolution
		HideSolutionNode = FALSE
	EndGlobalSection
EndGlobal
